// !$*UTF8*$!
{
	archiveVersion = 1;
	classes = {
	};
	objectVersion = 77;
	objects = {

/* Begin PBXBuildFile section */
		CAE21F962CA9985400C21C36 /* .swiftlint.yml in Resources */ = {isa = PBXBuildFile; fileRef = CAE21F952CA9984E00C21C36 /* .swiftlint.yml */; };
/* End PBXBuildFile section */

/* Begin PBXContainerItemProxy section */
		CA85273F2CA06B1F009FE366 /* PBXContainerItemProxy */ = {
			isa = PBXContainerItemProxy;
			containerPortal = CA8527262CA06B1E009FE366 /* Project object */;
			proxyType = 1;
			remoteGlobalIDString = CA85272D2CA06B1E009FE366;
			remoteInfo = Immotep;
		};
		CA8527492CA06B1F009FE366 /* PBXContainerItemProxy */ = {
			isa = PBXContainerItemProxy;
			containerPortal = CA8527262CA06B1E009FE366 /* Project object */;
			proxyType = 1;
			remoteGlobalIDString = CA85272D2CA06B1E009FE366;
			remoteInfo = Immotep;
		};
/* End PBXContainerItemProxy section */

/* Begin PBXFileReference section */
		CA2579692CD2878D009EAB35 /* Immotep.xctestplan */ = {isa = PBXFileReference; lastKnownFileType = text; name = Immotep.xctestplan; path = ../../../../Downloads/Immotep.xctestplan; sourceTree = "<group>"; };
		CA85272E2CA06B1E009FE366 /* KeyzApp.app */ = {isa = PBXFileReference; explicitFileType = wrapper.application; includeInIndex = 0; path = KeyzApp.app; sourceTree = BUILT_PRODUCTS_DIR; };
		CA85273E2CA06B1F009FE366 /* ImmotepTests.xctest */ = {isa = PBXFileReference; explicitFileType = wrapper.cfbundle; includeInIndex = 0; path = ImmotepTests.xctest; sourceTree = BUILT_PRODUCTS_DIR; };
		CA8527482CA06B1F009FE366 /* ImmotepUITests.xctest */ = {isa = PBXFileReference; explicitFileType = wrapper.cfbundle; includeInIndex = 0; path = ImmotepUITests.xctest; sourceTree = BUILT_PRODUCTS_DIR; };
		CAE21F952CA9984E00C21C36 /* .swiftlint.yml */ = {isa = PBXFileReference; lastKnownFileType = text.yaml; path = .swiftlint.yml; sourceTree = "<group>"; };
/* End PBXFileReference section */

/* Begin PBXFileSystemSynchronizedBuildFileExceptionSet section */
		CAF000002CB1AE33008D953F /* Exceptions for "Immotep" folder in "Immotep" target */ = {
			isa = PBXFileSystemSynchronizedBuildFileExceptionSet;
			membershipExceptions = (
				Info.plist,
				Tests/ImmotepTests/CreateFetchProperty.swift,
				Tests/ImmotepTests/ImmotepTests.swift,
				Tests/ImmotepTests/LoginUnitTest.swift,
				Tests/ImmotepTests/MockPropertyViewModel.swift,
				Tests/ImmotepTests/RegisterUnitTest.swift,
				Tests/ImmotepUITests/CreatePropertyUITests.swift,
				Tests/ImmotepUITests/FeaturesUITests/ProfileUITests.swift,
				Tests/ImmotepUITests/FeaturesUITests/PropertyViewUITests.swift,
				Tests/ImmotepUITests/ImmotepUITests.swift,
				Tests/ImmotepUITests/ImmotepUITestsLaunchTests.swift,
				Tests/ImmotepUITests/InventoryEntryEvaluationViewUITests.swift,
				Tests/ImmotepUITests/InventoryExitEvaluationViewUITests.swift,
				Tests/ImmotepUITests/InventoryRoomViewUITests.swift,
				Tests/ImmotepUITests/InventoryStuffViewUITests.swift,
				Tests/ImmotepUITests/InventoryTypeViewUITests.swift,
				Tests/ImmotepUITests/LoginUITests.swift,
				Tests/ImmotepUITests/RegisterUITests.swift,
			);
			target = CA85272D2CA06B1E009FE366 /* Immotep */;
		};
		CAF000012CB1AE33008D953F /* Exceptions for "Immotep" folder in "ImmotepTests" target */ = {
			isa = PBXFileSystemSynchronizedBuildFileExceptionSet;
			membershipExceptions = (
				Tests/ImmotepTests/CreateFetchProperty.swift,
				Tests/ImmotepTests/ImmotepTests.swift,
				Tests/ImmotepTests/LoginUnitTest.swift,
				Tests/ImmotepTests/MockPropertyViewModel.swift,
				Tests/ImmotepTests/RegisterUnitTest.swift,
			);
			target = CA85273D2CA06B1F009FE366 /* ImmotepTests */;
		};
		CAF000072CB1AE36008D953F /* Exceptions for "Immotep" folder in "ImmotepUITests" target */ = {
			isa = PBXFileSystemSynchronizedBuildFileExceptionSet;
			membershipExceptions = (
				Tests/ImmotepUITests/CreatePropertyUITests.swift,
				Tests/ImmotepUITests/FeaturesUITests/ProfileUITests.swift,
				Tests/ImmotepUITests/FeaturesUITests/PropertyViewUITests.swift,
				Tests/ImmotepUITests/ImmotepUITests.swift,
				Tests/ImmotepUITests/ImmotepUITestsLaunchTests.swift,
				Tests/ImmotepUITests/InventoryEntryEvaluationViewUITests.swift,
				Tests/ImmotepUITests/InventoryExitEvaluationViewUITests.swift,
				Tests/ImmotepUITests/InventoryRoomViewUITests.swift,
				Tests/ImmotepUITests/InventoryStuffViewUITests.swift,
				Tests/ImmotepUITests/InventoryTypeViewUITests.swift,
				Tests/ImmotepUITests/LoginUITests.swift,
				Tests/ImmotepUITests/RegisterUITests.swift,
			);
			target = CA8527472CA06B1F009FE366 /* ImmotepUITests */;
		};
/* End PBXFileSystemSynchronizedBuildFileExceptionSet section */

/* Begin PBXFileSystemSynchronizedRootGroup section */
		CA8527302CA06B1E009FE366 /* Immotep */ = {
			isa = PBXFileSystemSynchronizedRootGroup;
			exceptions = (
				CAF000002CB1AE33008D953F /* Exceptions for "Immotep" folder in "Immotep" target */,
				CAF000012CB1AE33008D953F /* Exceptions for "Immotep" folder in "ImmotepTests" target */,
				CAF000072CB1AE36008D953F /* Exceptions for "Immotep" folder in "ImmotepUITests" target */,
			);
			path = Immotep;
			sourceTree = "<group>";
		};
/* End PBXFileSystemSynchronizedRootGroup section */

/* Begin PBXFrameworksBuildPhase section */
		CA85272B2CA06B1E009FE366 /* Frameworks */ = {
			isa = PBXFrameworksBuildPhase;
			buildActionMask = 2147483647;
			files = (
			);
			runOnlyForDeploymentPostprocessing = 0;
		};
		CA85273B2CA06B1F009FE366 /* Frameworks */ = {
			isa = PBXFrameworksBuildPhase;
			buildActionMask = 2147483647;
			files = (
			);
			runOnlyForDeploymentPostprocessing = 0;
		};
		CA8527452CA06B1F009FE366 /* Frameworks */ = {
			isa = PBXFrameworksBuildPhase;
			buildActionMask = 2147483647;
			files = (
			);
			runOnlyForDeploymentPostprocessing = 0;
		};
/* End PBXFrameworksBuildPhase section */

/* Begin PBXGroup section */
		CA8527252CA06B1E009FE366 = {
			isa = PBXGroup;
			children = (
				CA2579692CD2878D009EAB35 /* Immotep.xctestplan */,
				CAE21F952CA9984E00C21C36 /* .swiftlint.yml */,
				CA8527302CA06B1E009FE366 /* Immotep */,
				CAC74F5D2D74FA68009E077B /* Frameworks */,
				CA85272F2CA06B1E009FE366 /* Products */,
			);
			sourceTree = "<group>";
		};
		CA85272F2CA06B1E009FE366 /* Products */ = {
			isa = PBXGroup;
			children = (
				CA85272E2CA06B1E009FE366 /* KeyzApp.app */,
				CA85273E2CA06B1F009FE366 /* ImmotepTests.xctest */,
				CA8527482CA06B1F009FE366 /* ImmotepUITests.xctest */,
			);
			name = Products;
			sourceTree = "<group>";
		};
		CAC74F5D2D74FA68009E077B /* Frameworks */ = {
			isa = PBXGroup;
			children = (
			);
			name = Frameworks;
			sourceTree = "<group>";
		};
/* End PBXGroup section */

/* Begin PBXNativeTarget section */
		CA85272D2CA06B1E009FE366 /* Immotep */ = {
			isa = PBXNativeTarget;
			buildConfigurationList = CA8527522CA06B1F009FE366 /* Build configuration list for PBXNativeTarget "Immotep" */;
			buildPhases = (
				CA85272A2CA06B1E009FE366 /* Sources */,
				CA85272B2CA06B1E009FE366 /* Frameworks */,
				CA85272C2CA06B1E009FE366 /* Resources */,
				CAE21F922CA9970300C21C36 /* ShellScript */,
			);
			buildRules = (
			);
			dependencies = (
			);
			fileSystemSynchronizedGroups = (
				CA8527302CA06B1E009FE366 /* Immotep */,
			);
			name = Immotep;
			packageProductDependencies = (
			);
			productName = Immotep;
			productReference = CA85272E2CA06B1E009FE366 /* KeyzApp.app */;
			productType = "com.apple.product-type.application";
		};
		CA85273D2CA06B1F009FE366 /* ImmotepTests */ = {
			isa = PBXNativeTarget;
			buildConfigurationList = CA8527552CA06B1F009FE366 /* Build configuration list for PBXNativeTarget "ImmotepTests" */;
			buildPhases = (
				CA85273A2CA06B1F009FE366 /* Sources */,
				CA85273B2CA06B1F009FE366 /* Frameworks */,
				CA85273C2CA06B1F009FE366 /* Resources */,
			);
			buildRules = (
			);
			dependencies = (
				CA8527402CA06B1F009FE366 /* PBXTargetDependency */,
			);
			name = ImmotepTests;
			packageProductDependencies = (
			);
			productName = ImmotepTests;
			productReference = CA85273E2CA06B1F009FE366 /* ImmotepTests.xctest */;
			productType = "com.apple.product-type.bundle.unit-test";
		};
		CA8527472CA06B1F009FE366 /* ImmotepUITests */ = {
			isa = PBXNativeTarget;
			buildConfigurationList = CA8527582CA06B1F009FE366 /* Build configuration list for PBXNativeTarget "ImmotepUITests" */;
			buildPhases = (
				CA8527442CA06B1F009FE366 /* Sources */,
				CA8527452CA06B1F009FE366 /* Frameworks */,
				CA8527462CA06B1F009FE366 /* Resources */,
			);
			buildRules = (
			);
			dependencies = (
				CA85274A2CA06B1F009FE366 /* PBXTargetDependency */,
			);
			name = ImmotepUITests;
			packageProductDependencies = (
			);
			productName = ImmotepUITests;
			productReference = CA8527482CA06B1F009FE366 /* ImmotepUITests.xctest */;
			productType = "com.apple.product-type.bundle.ui-testing";
		};
/* End PBXNativeTarget section */

/* Begin PBXProject section */
		CA8527262CA06B1E009FE366 /* Project object */ = {
			isa = PBXProject;
			attributes = {
				BuildIndependentTargetsInParallel = 1;
				LastSwiftUpdateCheck = 1600;
				LastUpgradeCheck = 1610;
				TargetAttributes = {
					CA85272D2CA06B1E009FE366 = {
						CreatedOnToolsVersion = 16.0;
					};
					CA85273D2CA06B1F009FE366 = {
						CreatedOnToolsVersion = 16.0;
						TestTargetID = CA85272D2CA06B1E009FE366;
					};
					CA8527472CA06B1F009FE366 = {
						CreatedOnToolsVersion = 16.0;
						TestTargetID = CA85272D2CA06B1E009FE366;
					};
				};
			};
			buildConfigurationList = CA8527292CA06B1E009FE366 /* Build configuration list for PBXProject "Immotep" */;
			developmentRegion = en;
			hasScannedForEncodings = 0;
			knownRegions = (
				en,
				Base,
				fr,
			);
			mainGroup = CA8527252CA06B1E009FE366;
			minimizedProjectReferenceProxies = 1;
			packageReferences = (
				CAE21F972CA99DC900C21C36 /* XCRemoteSwiftPackageReference "SwiftLintPlugins" */,
			);
			preferredProjectObjectVersion = 77;
			productRefGroup = CA85272F2CA06B1E009FE366 /* Products */;
			projectDirPath = "";
			projectRoot = "";
			targets = (
				CA85272D2CA06B1E009FE366 /* Immotep */,
				CA85273D2CA06B1F009FE366 /* ImmotepTests */,
				CA8527472CA06B1F009FE366 /* ImmotepUITests */,
			);
		};
/* End PBXProject section */

/* Begin PBXResourcesBuildPhase section */
		CA85272C2CA06B1E009FE366 /* Resources */ = {
			isa = PBXResourcesBuildPhase;
			buildActionMask = 2147483647;
			files = (
				CAE21F962CA9985400C21C36 /* .swiftlint.yml in Resources */,
			);
			runOnlyForDeploymentPostprocessing = 0;
		};
		CA85273C2CA06B1F009FE366 /* Resources */ = {
			isa = PBXResourcesBuildPhase;
			buildActionMask = 2147483647;
			files = (
			);
			runOnlyForDeploymentPostprocessing = 0;
		};
		CA8527462CA06B1F009FE366 /* Resources */ = {
			isa = PBXResourcesBuildPhase;
			buildActionMask = 2147483647;
			files = (
			);
			runOnlyForDeploymentPostprocessing = 0;
		};
/* End PBXResourcesBuildPhase section */

/* Begin PBXShellScriptBuildPhase section */
		CAE21F922CA9970300C21C36 /* ShellScript */ = {
			isa = PBXShellScriptBuildPhase;
			alwaysOutOfDate = 1;
			buildActionMask = 2147483647;
			files = (
			);
			inputFileListPaths = (
			);
			inputPaths = (
			);
			outputFileListPaths = (
			);
			outputPaths = (
			);
			runOnlyForDeploymentPostprocessing = 0;
			shellPath = /bin/sh;
			shellScript = "if which swiftlint > /dev/null; then\n  swiftlint\nelse\n  echo \"SwiftLint not installed. Install using 'brew install swiftlint'.\"\nfi\n";
			showEnvVarsInLog = 0;
		};
/* End PBXShellScriptBuildPhase section */

/* Begin PBXSourcesBuildPhase section */
		CA85272A2CA06B1E009FE366 /* Sources */ = {
			isa = PBXSourcesBuildPhase;
			buildActionMask = 2147483647;
			files = (
			);
			runOnlyForDeploymentPostprocessing = 0;
		};
		CA85273A2CA06B1F009FE366 /* Sources */ = {
			isa = PBXSourcesBuildPhase;
			buildActionMask = 2147483647;
			files = (
			);
			runOnlyForDeploymentPostprocessing = 0;
		};
		CA8527442CA06B1F009FE366 /* Sources */ = {
			isa = PBXSourcesBuildPhase;
			buildActionMask = 2147483647;
			files = (
			);
			runOnlyForDeploymentPostprocessing = 0;
		};
/* End PBXSourcesBuildPhase section */

/* Begin PBXTargetDependency section */
		CA8527402CA06B1F009FE366 /* PBXTargetDependency */ = {
			isa = PBXTargetDependency;
			target = CA85272D2CA06B1E009FE366 /* Immotep */;
			targetProxy = CA85273F2CA06B1F009FE366 /* PBXContainerItemProxy */;
		};
		CA85274A2CA06B1F009FE366 /* PBXTargetDependency */ = {
			isa = PBXTargetDependency;
			target = CA85272D2CA06B1E009FE366 /* Immotep */;
			targetProxy = CA8527492CA06B1F009FE366 /* PBXContainerItemProxy */;
		};
/* End PBXTargetDependency section */

/* Begin XCBuildConfiguration section */
		CA8527502CA06B1F009FE366 /* Debug */ = {
			isa = XCBuildConfiguration;
			buildSettings = {
				ALWAYS_SEARCH_USER_PATHS = NO;
				ASSETCATALOG_COMPILER_APPICON_NAME = "";
				ASSETCATALOG_COMPILER_GENERATE_SWIFT_ASSET_SYMBOL_EXTENSIONS = YES;
				ASSETCATALOG_COMPILER_INCLUDE_ALL_APPICON_ASSETS = YES;
				CLANG_ANALYZER_LOCALIZABILITY_NONLOCALIZED = YES;
				CLANG_ANALYZER_NONNULL = YES;
				CLANG_ANALYZER_NUMBER_OBJECT_CONVERSION = YES_AGGRESSIVE;
				CLANG_CXX_LANGUAGE_STANDARD = "gnu++20";
				CLANG_ENABLE_MODULES = YES;
				CLANG_ENABLE_OBJC_ARC = YES;
				CLANG_ENABLE_OBJC_WEAK = YES;
				CLANG_WARN_BLOCK_CAPTURE_AUTORELEASING = YES;
				CLANG_WARN_BOOL_CONVERSION = YES;
				CLANG_WARN_COMMA = YES;
				CLANG_WARN_CONSTANT_CONVERSION = YES;
				CLANG_WARN_DEPRECATED_OBJC_IMPLEMENTATIONS = YES;
				CLANG_WARN_DIRECT_OBJC_ISA_USAGE = YES_ERROR;
				CLANG_WARN_DOCUMENTATION_COMMENTS = YES;
				CLANG_WARN_EMPTY_BODY = YES;
				CLANG_WARN_ENUM_CONVERSION = YES;
				CLANG_WARN_INFINITE_RECURSION = YES;
				CLANG_WARN_INT_CONVERSION = YES;
				CLANG_WARN_NON_LITERAL_NULL_CONVERSION = YES;
				CLANG_WARN_OBJC_IMPLICIT_RETAIN_SELF = YES;
				CLANG_WARN_OBJC_LITERAL_CONVERSION = YES;
				CLANG_WARN_OBJC_ROOT_CLASS = YES_ERROR;
				CLANG_WARN_QUOTED_INCLUDE_IN_FRAMEWORK_HEADER = YES;
				CLANG_WARN_RANGE_LOOP_ANALYSIS = YES;
				CLANG_WARN_STRICT_PROTOTYPES = YES;
				CLANG_WARN_SUSPICIOUS_MOVE = YES;
				CLANG_WARN_UNGUARDED_AVAILABILITY = YES_AGGRESSIVE;
				CLANG_WARN_UNREACHABLE_CODE = YES;
				CLANG_WARN__DUPLICATE_METHOD_MATCH = YES;
				COPY_PHASE_STRIP = NO;
				DEBUG_INFORMATION_FORMAT = dwarf;
				ENABLE_STRICT_OBJC_MSGSEND = YES;
				ENABLE_TESTABILITY = YES;
				ENABLE_USER_SCRIPT_SANDBOXING = NO;
				GCC_C_LANGUAGE_STANDARD = gnu17;
				GCC_DYNAMIC_NO_PIC = NO;
				GCC_NO_COMMON_BLOCKS = YES;
				GCC_OPTIMIZATION_LEVEL = 0;
				GCC_PREPROCESSOR_DEFINITIONS = (
					"DEBUG=1",
					"$(inherited)",
				);
				GCC_WARN_64_TO_32_BIT_CONVERSION = YES;
				GCC_WARN_ABOUT_RETURN_TYPE = YES_ERROR;
				GCC_WARN_UNDECLARED_SELECTOR = YES;
				GCC_WARN_UNINITIALIZED_AUTOS = YES_AGGRESSIVE;
				GCC_WARN_UNUSED_FUNCTION = YES;
				GCC_WARN_UNUSED_VARIABLE = YES;
				IPHONEOS_DEPLOYMENT_TARGET = 18.0;
				LOCALIZATION_PREFERS_STRING_CATALOGS = YES;
				MTL_ENABLE_DEBUG_INFO = INCLUDE_SOURCE;
				MTL_FAST_MATH = YES;
				ONLY_ACTIVE_ARCH = YES;
				SDKROOT = iphoneos;
				SWIFT_ACTIVE_COMPILATION_CONDITIONS = "DEBUG $(inherited)";
				SWIFT_EMIT_LOC_STRINGS = YES;
				SWIFT_OPTIMIZATION_LEVEL = "-Onone";
			};
			name = Debug;
		};
		CA8527512CA06B1F009FE366 /* Release */ = {
			isa = XCBuildConfiguration;
			buildSettings = {
				ALWAYS_SEARCH_USER_PATHS = NO;
				ASSETCATALOG_COMPILER_APPICON_NAME = "";
				ASSETCATALOG_COMPILER_GENERATE_SWIFT_ASSET_SYMBOL_EXTENSIONS = YES;
				ASSETCATALOG_COMPILER_INCLUDE_ALL_APPICON_ASSETS = YES;
				CLANG_ANALYZER_LOCALIZABILITY_NONLOCALIZED = YES;
				CLANG_ANALYZER_NONNULL = YES;
				CLANG_ANALYZER_NUMBER_OBJECT_CONVERSION = YES_AGGRESSIVE;
				CLANG_CXX_LANGUAGE_STANDARD = "gnu++20";
				CLANG_ENABLE_MODULES = YES;
				CLANG_ENABLE_OBJC_ARC = YES;
				CLANG_ENABLE_OBJC_WEAK = YES;
				CLANG_WARN_BLOCK_CAPTURE_AUTORELEASING = YES;
				CLANG_WARN_BOOL_CONVERSION = YES;
				CLANG_WARN_COMMA = YES;
				CLANG_WARN_CONSTANT_CONVERSION = YES;
				CLANG_WARN_DEPRECATED_OBJC_IMPLEMENTATIONS = YES;
				CLANG_WARN_DIRECT_OBJC_ISA_USAGE = YES_ERROR;
				CLANG_WARN_DOCUMENTATION_COMMENTS = YES;
				CLANG_WARN_EMPTY_BODY = YES;
				CLANG_WARN_ENUM_CONVERSION = YES;
				CLANG_WARN_INFINITE_RECURSION = YES;
				CLANG_WARN_INT_CONVERSION = YES;
				CLANG_WARN_NON_LITERAL_NULL_CONVERSION = YES;
				CLANG_WARN_OBJC_IMPLICIT_RETAIN_SELF = YES;
				CLANG_WARN_OBJC_LITERAL_CONVERSION = YES;
				CLANG_WARN_OBJC_ROOT_CLASS = YES_ERROR;
				CLANG_WARN_QUOTED_INCLUDE_IN_FRAMEWORK_HEADER = YES;
				CLANG_WARN_RANGE_LOOP_ANALYSIS = YES;
				CLANG_WARN_STRICT_PROTOTYPES = YES;
				CLANG_WARN_SUSPICIOUS_MOVE = YES;
				CLANG_WARN_UNGUARDED_AVAILABILITY = YES_AGGRESSIVE;
				CLANG_WARN_UNREACHABLE_CODE = YES;
				CLANG_WARN__DUPLICATE_METHOD_MATCH = YES;
				COPY_PHASE_STRIP = NO;
				DEBUG_INFORMATION_FORMAT = "dwarf-with-dsym";
				ENABLE_NS_ASSERTIONS = NO;
				ENABLE_STRICT_OBJC_MSGSEND = YES;
				ENABLE_USER_SCRIPT_SANDBOXING = NO;
				GCC_C_LANGUAGE_STANDARD = gnu17;
				GCC_NO_COMMON_BLOCKS = YES;
				GCC_WARN_64_TO_32_BIT_CONVERSION = YES;
				GCC_WARN_ABOUT_RETURN_TYPE = YES_ERROR;
				GCC_WARN_UNDECLARED_SELECTOR = YES;
				GCC_WARN_UNINITIALIZED_AUTOS = YES_AGGRESSIVE;
				GCC_WARN_UNUSED_FUNCTION = YES;
				GCC_WARN_UNUSED_VARIABLE = YES;
				IPHONEOS_DEPLOYMENT_TARGET = 18.0;
				LOCALIZATION_PREFERS_STRING_CATALOGS = YES;
				MTL_ENABLE_DEBUG_INFO = NO;
				MTL_FAST_MATH = YES;
				SDKROOT = iphoneos;
				SWIFT_COMPILATION_MODE = wholemodule;
				SWIFT_EMIT_LOC_STRINGS = YES;
				VALIDATE_PRODUCT = YES;
			};
			name = Release;
		};
		CA8527532CA06B1F009FE366 /* Debug */ = {
			isa = XCBuildConfiguration;
			buildSettings = {
				ASSETCATALOG_COMPILER_APPICON_NAME = AppIcon;
				ASSETCATALOG_COMPILER_GLOBAL_ACCENT_COLOR_NAME = AccentColor;
				CODE_SIGN_STYLE = Automatic;
				CURRENT_PROJECT_VERSION = 1;
				DEVELOPMENT_ASSET_PATHS = "\"Immotep/Sources/\" \"Immotep/Sources/Resources/Assets\"";
				DEVELOPMENT_TEAM = 5WUZPG35S6;
				ENABLE_PREVIEWS = YES;
				GENERATE_INFOPLIST_FILE = YES;
				INFOPLIST_FILE = Immotep/Info.plist;
				INFOPLIST_KEY_CFBundleDisplayName = Keyz;
				INFOPLIST_KEY_NSCameraUsageDescription = "";
				INFOPLIST_KEY_UIApplicationSceneManifest_Generation = YES;
				INFOPLIST_KEY_UIApplicationSupportsIndirectInputEvents = YES;
				INFOPLIST_KEY_UILaunchScreen_Generation = YES;
				INFOPLIST_KEY_UISupportedInterfaceOrientations = UIInterfaceOrientationPortrait;
				LD_RUNPATH_SEARCH_PATHS = (
					"$(inherited)",
					"@executable_path/Frameworks",
				);
				MARKETING_VERSION = 1.0;
				PRODUCT_BUNDLE_IDENTIFIER = com.AlessioLiebenguth.Immotep;
				PRODUCT_NAME = KeyzApp;
				SUPPORTED_PLATFORMS = "iphoneos iphonesimulator";
				SUPPORTS_MACCATALYST = NO;
				SUPPORTS_MAC_DESIGNED_FOR_IPHONE_IPAD = NO;
				SUPPORTS_XR_DESIGNED_FOR_IPHONE_IPAD = NO;
				SWIFT_EMIT_LOC_STRINGS = YES;
				SWIFT_VERSION = 6.0;
				TARGETED_DEVICE_FAMILY = "1,2";
			};
			name = Debug;
		};
		CA8527542CA06B1F009FE366 /* Release */ = {
			isa = XCBuildConfiguration;
			buildSettings = {
				ASSETCATALOG_COMPILER_APPICON_NAME = AppIcon;
				ASSETCATALOG_COMPILER_GLOBAL_ACCENT_COLOR_NAME = AccentColor;
				CODE_SIGN_STYLE = Automatic;
				CURRENT_PROJECT_VERSION = 1;
				DEVELOPMENT_ASSET_PATHS = "\"Immotep/Sources/\" \"Immotep/Sources/Resources/Assets\"";
				DEVELOPMENT_TEAM = 5WUZPG35S6;
				ENABLE_PREVIEWS = YES;
				GENERATE_INFOPLIST_FILE = YES;
				INFOPLIST_FILE = Immotep/Info.plist;
				INFOPLIST_KEY_CFBundleDisplayName = Keyz;
				INFOPLIST_KEY_NSCameraUsageDescription = "";
				INFOPLIST_KEY_UIApplicationSceneManifest_Generation = YES;
				INFOPLIST_KEY_UIApplicationSupportsIndirectInputEvents = YES;
				INFOPLIST_KEY_UILaunchScreen_Generation = YES;
				INFOPLIST_KEY_UISupportedInterfaceOrientations = UIInterfaceOrientationPortrait;
				LD_RUNPATH_SEARCH_PATHS = (
					"$(inherited)",
					"@executable_path/Frameworks",
				);
				MARKETING_VERSION = 1.0;
				PRODUCT_BUNDLE_IDENTIFIER = com.AlessioLiebenguth.Immotep;
				PRODUCT_NAME = KeyzApp;
				SUPPORTED_PLATFORMS = "iphoneos iphonesimulator";
				SUPPORTS_MACCATALYST = NO;
				SUPPORTS_MAC_DESIGNED_FOR_IPHONE_IPAD = NO;
				SUPPORTS_XR_DESIGNED_FOR_IPHONE_IPAD = NO;
				SWIFT_EMIT_LOC_STRINGS = YES;
				SWIFT_VERSION = 6.0;
				TARGETED_DEVICE_FAMILY = "1,2";
			};
			name = Release;
		};
		CA8527562CA06B1F009FE366 /* Debug */ = {
			isa = XCBuildConfiguration;
			buildSettings = {
				BUNDLE_LOADER = "$(TEST_HOST)";
				CODE_SIGN_STYLE = Automatic;
				CURRENT_PROJECT_VERSION = 1;
				DEVELOPMENT_TEAM = 5WUZPG35S6;
				GENERATE_INFOPLIST_FILE = YES;
				IPHONEOS_DEPLOYMENT_TARGET = 18.0;
				MARKETING_VERSION = 1.0;
				PRODUCT_BUNDLE_IDENTIFIER = dd.ImmotepTests;
				PRODUCT_NAME = "$(TARGET_NAME)";
				SWIFT_EMIT_LOC_STRINGS = NO;
				SWIFT_VERSION = 5.0;
				TARGETED_DEVICE_FAMILY = "1,2";
				TEST_HOST = "$(BUILT_PRODUCTS_DIR)/KeyzApp.app/$(BUNDLE_EXECUTABLE_FOLDER_PATH)/KeyzApp";
			};
			name = Debug;
		};
		CA8527572CA06B1F009FE366 /* Release */ = {
			isa = XCBuildConfiguration;
			buildSettings = {
				BUNDLE_LOADER = "$(TEST_HOST)";
				CODE_SIGN_STYLE = Automatic;
				CURRENT_PROJECT_VERSION = 1;
				DEVELOPMENT_TEAM = 5WUZPG35S6;
				GENERATE_INFOPLIST_FILE = YES;
				IPHONEOS_DEPLOYMENT_TARGET = 18.0;
				MARKETING_VERSION = 1.0;
				PRODUCT_BUNDLE_IDENTIFIER = dd.ImmotepTests;
				PRODUCT_NAME = "$(TARGET_NAME)";
				SWIFT_EMIT_LOC_STRINGS = NO;
				SWIFT_VERSION = 5.0;
				TARGETED_DEVICE_FAMILY = "1,2";
				TEST_HOST = "$(BUILT_PRODUCTS_DIR)/Immotep.app/$(BUNDLE_EXECUTABLE_FOLDER_PATH)/Immotep";
			};
			name = Release;
		};
		CA8527592CA06B1F009FE366 /* Debug */ = {
			isa = XCBuildConfiguration;
			buildSettings = {
				CODE_SIGN_STYLE = Automatic;
				CURRENT_PROJECT_VERSION = 1;
				DEVELOPMENT_TEAM = 5WUZPG35S6;
				GENERATE_INFOPLIST_FILE = YES;
				MARKETING_VERSION = 1.0;
				PRODUCT_BUNDLE_IDENTIFIER = dd.ImmotepUITests;
				PRODUCT_NAME = "$(TARGET_NAME)";
				SWIFT_EMIT_LOC_STRINGS = NO;
				SWIFT_VERSION = 5.0;
				TARGETED_DEVICE_FAMILY = "1,2";
				TEST_TARGET_NAME = Immotep;
			};
			name = Debug;
		};
		CA85275A2CA06B1F009FE366 /* Release */ = {
			isa = XCBuildConfiguration;
			buildSettings = {
				CODE_SIGN_STYLE = Automatic;
				CURRENT_PROJECT_VERSION = 1;
				DEVELOPMENT_TEAM = 5WUZPG35S6;
				GENERATE_INFOPLIST_FILE = YES;
				MARKETING_VERSION = 1.0;
				PRODUCT_BUNDLE_IDENTIFIER = dd.ImmotepUITests;
				PRODUCT_NAME = "$(TARGET_NAME)";
				SWIFT_EMIT_LOC_STRINGS = NO;
				SWIFT_VERSION = 5.0;
				TARGETED_DEVICE_FAMILY = "1,2";
				TEST_TARGET_NAME = Immotep;
			};
			name = Release;
		};
/* End XCBuildConfiguration section */

/* Begin XCConfigurationList section */
		CA8527292CA06B1E009FE366 /* Build configuration list for PBXProject "Immotep" */ = {
			isa = XCConfigurationList;
			buildConfigurations = (
				CA8527502CA06B1F009FE366 /* Debug */,
				CA8527512CA06B1F009FE366 /* Release */,
			);
			defaultConfigurationIsVisible = 0;
			defaultConfigurationName = Release;
		};
		CA8527522CA06B1F009FE366 /* Build configuration list for PBXNativeTarget "Immotep" */ = {
			isa = XCConfigurationList;
			buildConfigurations = (
				CA8527532CA06B1F009FE366 /* Debug */,
				CA8527542CA06B1F009FE366 /* Release */,
			);
			defaultConfigurationIsVisible = 0;
			defaultConfigurationName = Release;
		};
		CA8527552CA06B1F009FE366 /* Build configuration list for PBXNativeTarget "ImmotepTests" */ = {
			isa = XCConfigurationList;
			buildConfigurations = (
				CA8527562CA06B1F009FE366 /* Debug */,
				CA8527572CA06B1F009FE366 /* Release */,
			);
			defaultConfigurationIsVisible = 0;
			defaultConfigurationName = Release;
		};
		CA8527582CA06B1F009FE366 /* Build configuration list for PBXNativeTarget "ImmotepUITests" */ = {
			isa = XCConfigurationList;
			buildConfigurations = (
				CA8527592CA06B1F009FE366 /* Debug */,
				CA85275A2CA06B1F009FE366 /* Release */,
			);
			defaultConfigurationIsVisible = 0;
			defaultConfigurationName = Release;
		};
/* End XCConfigurationList section */

/* Begin XCRemoteSwiftPackageReference section */
		CAE21F972CA99DC900C21C36 /* XCRemoteSwiftPackageReference "SwiftLintPlugins" */ = {
			isa = XCRemoteSwiftPackageReference;
			repositoryURL = "https://github.com/SimplyDanny/SwiftLintPlugins";
			requirement = {
				kind = upToNextMajorVersion;
				minimumVersion = 0.57.0;
			};
		};
/* End XCRemoteSwiftPackageReference section */
	};
	rootObject = CA8527262CA06B1E009FE366 /* Project object */;
}
